
Microsoft Visual Studio Solution File, Format Version 12.00
# Visual Studio Version 17
VisualStudioVersion = 17.9.34616.47
MinimumVisualStudioVersion = 10.0.40219.1
Project("{8BC9CEB8-8B4A-11D0-8D11-00A0C91BC942}") = "Algebra", "Algebra\Algebra.vcxproj", "{243CE632-0C8F-4EE6-94BD-9D8902728EEF}"
EndProject
Project("{8BC9CEB8-8B4A-11D0-8D11-00A0C91BC942}") = "ElipsoidOpengl", "ElipsoidOpengl\ElipsoidOpengl.vcxproj", "{2E2EBC52-F67E-4D10-9EC5-34BA9924E37C}"
EndProject
Global
	GlobalSection(SolutionConfigurationPlatforms) = preSolution
		Debug|x64 = Debug|x64
		Debug|x86 = Debug|x86
		Release|x64 = Release|x64
		Release|x86 = Release|x86
	EndGlobalSection
	GlobalSection(ProjectConfigurationPlatforms) = postSolution
		{243CE632-0C8F-4EE6-94BD-9D8902728EEF}.Debug|x64.ActiveCfg = Debug|x64
		{243CE632-0C8F-4EE6-94BD-9D8902728EEF}.Debug|x64.Build.0 = Debug|x64
		{243CE632-0C8F-4EE6-94BD-9D8902728EEF}.Debug|x86.ActiveCfg = Debug|Win32
		{243CE632-0C8F-4EE6-94BD-9D8902728EEF}.Debug|x86.Build.0 = Debug|Win32
		{243CE632-0C8F-4EE6-94BD-9D8902728EEF}.Release|x64.ActiveCfg = Release|x64
		{243CE632-0C8F-4EE6-94BD-9D8902728EEF}.Release|x64.Build.0 = Release|x64
		{243CE632-0C8F-4EE6-94BD-9D8902728EEF}.Release|x86.ActiveCfg = Release|Win32
		{243CE632-0C8F-4EE6-94BD-9D8902728EEF}.Release|x86.Build.0 = Release|Win32
		{2E2EBC52-F67E-4D10-9EC5-34BA9924E37C}.Debug|x64.ActiveCfg = Debug|x64
		{2E2EBC52-F67E-4D10-9EC5-34BA9924E37C}.Debug|x64.Build.0 = Debug|x64
		{2E2EBC52-F67E-4D10-9EC5-34BA9924E37C}.Debug|x86.ActiveCfg = Debug|Win32
		{2E2EBC52-F67E-4D10-9EC5-34BA9924E37C}.Debug|x86.Build.0 = Debug|Win32
		{2E2EBC52-F67E-4D10-9EC5-34BA9924E37C}.Release|x64.ActiveCfg = Release|x64
		{2E2EBC52-F67E-4D10-9EC5-34BA9924E37C}.Release|x64.Build.0 = Release|x64
		{2E2EBC52-F67E-4D10-9EC5-34BA9924E37C}.Release|x86.ActiveCfg = Release|Win32
		{2E2EBC52-F67E-4D10-9EC5-34BA9924E37C}.Release|x86.Build.0 = Release|Win32
	EndGlobalSection
	GlobalSection(SolutionProperties) = preSolution
		HideSolutionNode = FALSE
	EndGlobalSection
	GlobalSection(ExtensibilityGlobals) = postSolution
		SolutionGuid = {58299450-BDCA-403C-AE56-FE20C5C2D9F8}
	EndGlobalSection
EndGlobal
